
Microsoft Visual Studio Solution File, Format Version 12.00
# Visual Studio Version 17
VisualStudioVersion = 17.14.36717.8
MinimumVisualStudioVersion = 10.0.40219.1
Project("{FAE04EC0-301F-11D3-BF4B-00C04F79EFBC}") = "NotTicTacToeUI", "NotTicTacToe\NotTicTacToeUI.csproj", "{6C91706D-F7C3-4FD1-80B4-5AE476CE6E9C}"
EndProject
Project("{FAE04EC0-301F-11D3-BF4B-00C04F79EFBC}") = "NotTicTacToeLogic", "LogicTicTacToe\NotTicTacToeLogic.csproj", "{4665B7F2-7373-4EB2-90CD-57743354A469}"
EndProject
Global
	GlobalSection(SolutionConfigurationPlatforms) = preSolution
		Debug|Any CPU = Debug|Any CPU
		Release|Any CPU = Release|Any CPU
	EndGlobalSection
	GlobalSection(ProjectConfigurationPlatforms) = postSolution
		{6C91706D-F7C3-4FD1-80B4-5AE476CE6E9C}.Debug|Any CPU.ActiveCfg = Debug|Any CPU
		{6C91706D-F7C3-4FD1-80B4-5AE476CE6E9C}.Debug|Any CPU.Build.0 = Debug|Any CPU
		{6C91706D-F7C3-4FD1-80B4-5AE476CE6E9C}.Release|Any CPU.ActiveCfg = Release|Any CPU
		{6C91706D-F7C3-4FD1-80B4-5AE476CE6E9C}.Release|Any CPU.Build.0 = Release|Any CPU
		{4665B7F2-7373-4EB2-90CD-57743354A469}.Debug|Any CPU.ActiveCfg = Debug|Any CPU
		{4665B7F2-7373-4EB2-90CD-57743354A469}.Debug|Any CPU.Build.0 = Debug|Any CPU
		{4665B7F2-7373-4EB2-90CD-57743354A469}.Release|Any CPU.ActiveCfg = Release|Any CPU
		{4665B7F2-7373-4EB2-90CD-57743354A469}.Release|Any CPU.Build.0 = Release|Any CPU
	EndGlobalSection
	GlobalSection(SolutionProperties) = preSolution
		HideSolutionNode = FALSE
	EndGlobalSection
	GlobalSection(ExtensibilityGlobals) = postSolution
		SolutionGuid = {95AAD8D0-0F8B-480A-A3FF-6AF500A7217B}
	EndGlobalSection
EndGlobal
